
Microsoft Visual Studio Solution File, Format Version 12.00
Project("{FAE04EC0-301F-11D3-BF4B-00C04F79EFBC}") = "CalculatorConsole", "CalculatorConsole\CalculatorConsole.csproj", "{D335F117-6305-465B-9C8E-BFF0BA0A01BB}"
EndProject
Project("{FAE04EC0-301F-11D3-BF4B-00C04F79EFBC}") = "CalculatorApp", "CalculatorApp\CalculatorApp.csproj", "{9BA01117-CD57-4C68-BACA-8EA3404E39EE}"
EndProject
Project("{FAE04EC0-301F-11D3-BF4B-00C04F79EFBC}") = "TestProject2", "TestProject2\TestProject2.csproj", "{AAE19DEE-1F99-4E01-8AAB-CAC6242DCF9B}"
EndProject
Global
	GlobalSection(SolutionConfigurationPlatforms) = preSolution
		Debug|Any CPU = Debug|Any CPU
		Release|Any CPU = Release|Any CPU
	EndGlobalSection
	GlobalSection(ProjectConfigurationPlatforms) = postSolution
		{D335F117-6305-465B-9C8E-BFF0BA0A01BB}.Debug|Any CPU.ActiveCfg = Debug|Any CPU
		{D335F117-6305-465B-9C8E-BFF0BA0A01BB}.Debug|Any CPU.Build.0 = Debug|Any CPU
		{D335F117-6305-465B-9C8E-BFF0BA0A01BB}.Release|Any CPU.ActiveCfg = Release|Any CPU
		{D335F117-6305-465B-9C8E-BFF0BA0A01BB}.Release|Any CPU.Build.0 = Release|Any CPU
		{9BA01117-CD57-4C68-BACA-8EA3404E39EE}.Debug|Any CPU.ActiveCfg = Debug|Any CPU
		{9BA01117-CD57-4C68-BACA-8EA3404E39EE}.Debug|Any CPU.Build.0 = Debug|Any CPU
		{9BA01117-CD57-4C68-BACA-8EA3404E39EE}.Release|Any CPU.ActiveCfg = Release|Any CPU
		{9BA01117-CD57-4C68-BACA-8EA3404E39EE}.Release|Any CPU.Build.0 = Release|Any CPU
		{AAE19DEE-1F99-4E01-8AAB-CAC6242DCF9B}.Debug|Any CPU.ActiveCfg = Debug|Any CPU
		{AAE19DEE-1F99-4E01-8AAB-CAC6242DCF9B}.Debug|Any CPU.Build.0 = Debug|Any CPU
		{AAE19DEE-1F99-4E01-8AAB-CAC6242DCF9B}.Release|Any CPU.ActiveCfg = Release|Any CPU
		{AAE19DEE-1F99-4E01-8AAB-CAC6242DCF9B}.Release|Any CPU.Build.0 = Release|Any CPU
	EndGlobalSection
EndGlobal
